
Microsoft Visual Studio Solution File, Format Version 12.00
# Visual Studio 2012
Project("{FAE04EC0-301F-11D3-BF4B-00C04F79EFBC}") = "SuperView_console", "SuperView_console\SuperView_console.csproj", "{B843AE69-31DC-4983-8007-6BF22E631210}"
EndProject
Global
	GlobalSection(SolutionConfigurationPlatforms) = preSolution
		Debug|Any CPU = Debug|Any CPU
		Release|Any CPU = Release|Any CPU
	EndGlobalSection
	GlobalSection(ProjectConfigurationPlatforms) = postSolution
		{B843AE69-31DC-4983-8007-6BF22E631210}.Debug|Any CPU.ActiveCfg = Debug|Any CPU
		{B843AE69-31DC-4983-8007-6BF22E631210}.Debug|Any CPU.Build.0 = Debug|Any CPU
		{B843AE69-31DC-4983-8007-6BF22E631210}.Release|Any CPU.ActiveCfg = Release|Any CPU
		{B843AE69-31DC-4983-8007-6BF22E631210}.Release|Any CPU.Build.0 = Release|Any CPU
	EndGlobalSection
	GlobalSection(SolutionProperties) = preSolution
		HideSolutionNode = FALSE
	EndGlobalSection
EndGlobal
